
Microsoft Visual Studio Solution File, Format Version 12.00
# Visual Studio Version 17
VisualStudioVersion = 17.8.34309.116
MinimumVisualStudioVersion = 10.0.40219.1
Project("{FAE04EC0-301F-11D3-BF4B-00C04F79EFBC}") = "Lab01_1", "Lab01_1.csproj", "{B6185F8D-890D-46EA-AE70-9217FA079780}"
EndProject
Global
	GlobalSection(SolutionConfigurationPlatforms) = preSolution
		Debug|Any CPU = Debug|Any CPU
		Release|Any CPU = Release|Any CPU
	EndGlobalSection
	GlobalSection(ProjectConfigurationPlatforms) = postSolution
		{B6185F8D-890D-46EA-AE70-9217FA079780}.Debug|Any CPU.ActiveCfg = Debug|Any CPU
		{B6185F8D-890D-46EA-AE70-9217FA079780}.Debug|Any CPU.Build.0 = Debug|Any CPU
		{B6185F8D-890D-46EA-AE70-9217FA079780}.Release|Any CPU.ActiveCfg = Release|Any CPU
		{B6185F8D-890D-46EA-AE70-9217FA079780}.Release|Any CPU.Build.0 = Release|Any CPU
	EndGlobalSection
	GlobalSection(SolutionProperties) = preSolution
		HideSolutionNode = FALSE
	EndGlobalSection
	GlobalSection(ExtensibilityGlobals) = postSolution
		SolutionGuid = {290E3A42-A7E0-4736-8E04-426159AF485E}
	EndGlobalSection
EndGlobal
