
Microsoft Visual Studio Solution File, Format Version 12.00
# Visual Studio Version 17
VisualStudioVersion = 17.8.34309.116
MinimumVisualStudioVersion = 10.0.40219.1
Project("{FAE04EC0-301F-11D3-BF4B-00C04F79EFBC}") = "Practice1", "Practice1.csproj", "{0CEB41E6-6E89-4C31-AFF4-D767209791BD}"
EndProject
Global
	GlobalSection(SolutionConfigurationPlatforms) = preSolution
		Debug|Any CPU = Debug|Any CPU
		Release|Any CPU = Release|Any CPU
	EndGlobalSection
	GlobalSection(ProjectConfigurationPlatforms) = postSolution
		{0CEB41E6-6E89-4C31-AFF4-D767209791BD}.Debug|Any CPU.ActiveCfg = Debug|Any CPU
		{0CEB41E6-6E89-4C31-AFF4-D767209791BD}.Debug|Any CPU.Build.0 = Debug|Any CPU
		{0CEB41E6-6E89-4C31-AFF4-D767209791BD}.Release|Any CPU.ActiveCfg = Release|Any CPU
		{0CEB41E6-6E89-4C31-AFF4-D767209791BD}.Release|Any CPU.Build.0 = Release|Any CPU
	EndGlobalSection
	GlobalSection(SolutionProperties) = preSolution
		HideSolutionNode = FALSE
	EndGlobalSection
	GlobalSection(ExtensibilityGlobals) = postSolution
		SolutionGuid = {4AD18404-BBA6-4D08-A878-C38B0C3520B6}
	EndGlobalSection
EndGlobal
